
Microsoft Visual Studio Solution File, Format Version 12.00
# Visual Studio 2013
VisualStudioVersion = 12.0.31101.0
MinimumVisualStudioVersion = 10.0.40219.1
Project("{FAE04EC0-301F-11D3-BF4B-00C04F79EFBC}") = "WikiaWP", "WikiaWP\WikiaWP.csproj", "{55873E06-8E71-4BC5-9CAC-7B41084353BC}"
EndProject
Project("{FAE04EC0-301F-11D3-BF4B-00C04F79EFBC}") = "WikiaSdk", "WikiaSdk\WikiaSdk.csproj", "{E605BF40-0AE6-4E92-AF2C-DEDE63FA6064}"
EndProject
Project("{FAE04EC0-301F-11D3-BF4B-00C04F79EFBC}") = "LianZhao.NetFx", "LianZhao.NetFx\LianZhao.NetFx.csproj", "{397EB213-EAAE-46EE-9385-ADE458C4EA59}"
EndProject
Project("{FAE04EC0-301F-11D3-BF4B-00C04F79EFBC}") = "ZhAsoiafWikiaSDK", "ZhAsoiafWikiaSDK\ZhAsoiafWikiaSDK.csproj", "{1D4E2A60-ADCB-4058-96C1-70962B651878}"
EndProject
Project("{FAE04EC0-301F-11D3-BF4B-00C04F79EFBC}") = "MediaWikiSDK", "MediaWikiSDK\MediaWikiSDK.csproj", "{374873A0-41A9-4318-9A3F-9E838BE7F30F}"
EndProject
Project("{2150E333-8FDC-42A3-9474-1A3956D46DE8}") = "Infrastructures", "Infrastructures", "{A6D848C2-E5E8-4485-A83D-550F33A3921C}"
EndProject
Project("{FAE04EC0-301F-11D3-BF4B-00C04F79EFBC}") = "ZhAsoiafWiki.Plus", "ZhAsoiafWiki.Plus\ZhAsoiafWiki.Plus.csproj", "{BE00723A-36AF-4039-AB4C-7F77DA08D917}"
EndProject
Global
	GlobalSection(SolutionConfigurationPlatforms) = preSolution
		Debug|Any CPU = Debug|Any CPU
		Debug|ARM = Debug|ARM
		Debug|x86 = Debug|x86
		Release|Any CPU = Release|Any CPU
		Release|ARM = Release|ARM
		Release|x86 = Release|x86
	EndGlobalSection
	GlobalSection(ProjectConfigurationPlatforms) = postSolution
		{55873E06-8E71-4BC5-9CAC-7B41084353BC}.Debug|Any CPU.ActiveCfg = Debug|Any CPU
		{55873E06-8E71-4BC5-9CAC-7B41084353BC}.Debug|Any CPU.Build.0 = Debug|Any CPU
		{55873E06-8E71-4BC5-9CAC-7B41084353BC}.Debug|Any CPU.Deploy.0 = Debug|Any CPU
		{55873E06-8E71-4BC5-9CAC-7B41084353BC}.Debug|ARM.ActiveCfg = Debug|ARM
		{55873E06-8E71-4BC5-9CAC-7B41084353BC}.Debug|ARM.Build.0 = Debug|ARM
		{55873E06-8E71-4BC5-9CAC-7B41084353BC}.Debug|ARM.Deploy.0 = Debug|ARM
		{55873E06-8E71-4BC5-9CAC-7B41084353BC}.Debug|x86.ActiveCfg = Debug|x86
		{55873E06-8E71-4BC5-9CAC-7B41084353BC}.Debug|x86.Build.0 = Debug|x86
		{55873E06-8E71-4BC5-9CAC-7B41084353BC}.Debug|x86.Deploy.0 = Debug|x86
		{55873E06-8E71-4BC5-9CAC-7B41084353BC}.Release|Any CPU.ActiveCfg = Release|Any CPU
		{55873E06-8E71-4BC5-9CAC-7B41084353BC}.Release|Any CPU.Build.0 = Release|Any CPU
		{55873E06-8E71-4BC5-9CAC-7B41084353BC}.Release|Any CPU.Deploy.0 = Release|Any CPU
		{55873E06-8E71-4BC5-9CAC-7B41084353BC}.Release|ARM.ActiveCfg = Release|ARM
		{55873E06-8E71-4BC5-9CAC-7B41084353BC}.Release|ARM.Build.0 = Release|ARM
		{55873E06-8E71-4BC5-9CAC-7B41084353BC}.Release|ARM.Deploy.0 = Release|ARM
		{55873E06-8E71-4BC5-9CAC-7B41084353BC}.Release|x86.ActiveCfg = Release|x86
		{55873E06-8E71-4BC5-9CAC-7B41084353BC}.Release|x86.Build.0 = Release|x86
		{55873E06-8E71-4BC5-9CAC-7B41084353BC}.Release|x86.Deploy.0 = Release|x86
		{E605BF40-0AE6-4E92-AF2C-DEDE63FA6064}.Debug|Any CPU.ActiveCfg = Debug|Any CPU
		{E605BF40-0AE6-4E92-AF2C-DEDE63FA6064}.Debug|Any CPU.Build.0 = Debug|Any CPU
		{E605BF40-0AE6-4E92-AF2C-DEDE63FA6064}.Debug|ARM.ActiveCfg = Debug|Any CPU
		{E605BF40-0AE6-4E92-AF2C-DEDE63FA6064}.Debug|x86.ActiveCfg = Debug|Any CPU
		{E605BF40-0AE6-4E92-AF2C-DEDE63FA6064}.Release|Any CPU.ActiveCfg = Release|Any CPU
		{E605BF40-0AE6-4E92-AF2C-DEDE63FA6064}.Release|Any CPU.Build.0 = Release|Any CPU
		{E605BF40-0AE6-4E92-AF2C-DEDE63FA6064}.Release|ARM.ActiveCfg = Release|Any CPU
		{E605BF40-0AE6-4E92-AF2C-DEDE63FA6064}.Release|x86.ActiveCfg = Release|Any CPU
		{397EB213-EAAE-46EE-9385-ADE458C4EA59}.Debug|Any CPU.ActiveCfg = Debug|Any CPU
		{397EB213-EAAE-46EE-9385-ADE458C4EA59}.Debug|Any CPU.Build.0 = Debug|Any CPU
		{397EB213-EAAE-46EE-9385-ADE458C4EA59}.Debug|ARM.ActiveCfg = Debug|Any CPU
		{397EB213-EAAE-46EE-9385-ADE458C4EA59}.Debug|x86.ActiveCfg = Debug|Any CPU
		{397EB213-EAAE-46EE-9385-ADE458C4EA59}.Release|Any CPU.ActiveCfg = Release|Any CPU
		{397EB213-EAAE-46EE-9385-ADE458C4EA59}.Release|Any CPU.Build.0 = Release|Any CPU
		{397EB213-EAAE-46EE-9385-ADE458C4EA59}.Release|ARM.ActiveCfg = Release|Any CPU
		{397EB213-EAAE-46EE-9385-ADE458C4EA59}.Release|x86.ActiveCfg = Release|Any CPU
		{1D4E2A60-ADCB-4058-96C1-70962B651878}.Debug|Any CPU.ActiveCfg = Debug|Any CPU
		{1D4E2A60-ADCB-4058-96C1-70962B651878}.Debug|Any CPU.Build.0 = Debug|Any CPU
		{1D4E2A60-ADCB-4058-96C1-70962B651878}.Debug|ARM.ActiveCfg = Debug|Any CPU
		{1D4E2A60-ADCB-4058-96C1-70962B651878}.Debug|x86.ActiveCfg = Debug|Any CPU
		{1D4E2A60-ADCB-4058-96C1-70962B651878}.Release|Any CPU.ActiveCfg = Release|Any CPU
		{1D4E2A60-ADCB-4058-96C1-70962B651878}.Release|Any CPU.Build.0 = Release|Any CPU
		{1D4E2A60-ADCB-4058-96C1-70962B651878}.Release|ARM.ActiveCfg = Release|Any CPU
		{1D4E2A60-ADCB-4058-96C1-70962B651878}.Release|x86.ActiveCfg = Release|Any CPU
		{374873A0-41A9-4318-9A3F-9E838BE7F30F}.Debug|Any CPU.ActiveCfg = Debug|Any CPU
		{374873A0-41A9-4318-9A3F-9E838BE7F30F}.Debug|Any CPU.Build.0 = Debug|Any CPU
		{374873A0-41A9-4318-9A3F-9E838BE7F30F}.Debug|ARM.ActiveCfg = Debug|Any CPU
		{374873A0-41A9-4318-9A3F-9E838BE7F30F}.Debug|x86.ActiveCfg = Debug|Any CPU
		{374873A0-41A9-4318-9A3F-9E838BE7F30F}.Release|Any CPU.ActiveCfg = Release|Any CPU
		{374873A0-41A9-4318-9A3F-9E838BE7F30F}.Release|Any CPU.Build.0 = Release|Any CPU
		{374873A0-41A9-4318-9A3F-9E838BE7F30F}.Release|ARM.ActiveCfg = Release|Any CPU
		{374873A0-41A9-4318-9A3F-9E838BE7F30F}.Release|x86.ActiveCfg = Release|Any CPU
		{BE00723A-36AF-4039-AB4C-7F77DA08D917}.Debug|Any CPU.ActiveCfg = Debug|Any CPU
		{BE00723A-36AF-4039-AB4C-7F77DA08D917}.Debug|Any CPU.Build.0 = Debug|Any CPU
		{BE00723A-36AF-4039-AB4C-7F77DA08D917}.Debug|ARM.ActiveCfg = Debug|Any CPU
		{BE00723A-36AF-4039-AB4C-7F77DA08D917}.Debug|x86.ActiveCfg = Debug|Any CPU
		{BE00723A-36AF-4039-AB4C-7F77DA08D917}.Release|Any CPU.ActiveCfg = Release|Any CPU
		{BE00723A-36AF-4039-AB4C-7F77DA08D917}.Release|Any CPU.Build.0 = Release|Any CPU
		{BE00723A-36AF-4039-AB4C-7F77DA08D917}.Release|ARM.ActiveCfg = Release|Any CPU
		{BE00723A-36AF-4039-AB4C-7F77DA08D917}.Release|x86.ActiveCfg = Release|Any CPU
	EndGlobalSection
	GlobalSection(SolutionProperties) = preSolution
		HideSolutionNode = FALSE
	EndGlobalSection
	GlobalSection(NestedProjects) = preSolution
		{E605BF40-0AE6-4E92-AF2C-DEDE63FA6064} = {A6D848C2-E5E8-4485-A83D-550F33A3921C}
		{397EB213-EAAE-46EE-9385-ADE458C4EA59} = {A6D848C2-E5E8-4485-A83D-550F33A3921C}
		{1D4E2A60-ADCB-4058-96C1-70962B651878} = {A6D848C2-E5E8-4485-A83D-550F33A3921C}
		{374873A0-41A9-4318-9A3F-9E838BE7F30F} = {A6D848C2-E5E8-4485-A83D-550F33A3921C}
		{BE00723A-36AF-4039-AB4C-7F77DA08D917} = {A6D848C2-E5E8-4485-A83D-550F33A3921C}
	EndGlobalSection
EndGlobal
